// !$*UTF8*$!
{
	archiveVersion = 1;
	classes = {
	};
	objectVersion = 46;
	objects = {

/* Begin PBXBuildFile section */
		3F6CEFAE1B417BB400FC1C2B /* AppDelegate.swift in Sources */ = {isa = PBXBuildFile; fileRef = 3F6CEFAD1B417BB400FC1C2B /* AppDelegate.swift */; };
		3F6CEFB01B417BB400FC1C2B /* GameScene.sks in Resources */ = {isa = PBXBuildFile; fileRef = 3F6CEFAF1B417BB400FC1C2B /* GameScene.sks */; };
		3F6CEFB21B417BB400FC1C2B /* GameScene.swift in Sources */ = {isa = PBXBuildFile; fileRef = 3F6CEFB11B417BB400FC1C2B /* GameScene.swift */; };
		3F6CEFB41B417BB400FC1C2B /* GameViewController.swift in Sources */ = {isa = PBXBuildFile; fileRef = 3F6CEFB31B417BB400FC1C2B /* GameViewController.swift */; };
		3F6CEFB71B417BB400FC1C2B /* Main.storyboard in Resources */ = {isa = PBXBuildFile; fileRef = 3F6CEFB51B417BB400FC1C2B /* Main.storyboard */; };
		3F6CEFB91B417BB400FC1C2B /* Images.xcassets in Resources */ = {isa = PBXBuildFile; fileRef = 3F6CEFB81B417BB400FC1C2B /* Images.xcassets */; };
		3F6CEFBC1B417BB400FC1C2B /* LaunchScreen.xib in Resources */ = {isa = PBXBuildFile; fileRef = 3F6CEFBA1B417BB400FC1C2B /* LaunchScreen.xib */; };
		3F6CEFC81B417BB400FC1C2B /* FLAPPY_FIGHTERSTests.swift in Sources */ = {isa = PBXBuildFile; fileRef = 3F6CEFC71B417BB400FC1C2B /* FLAPPY_FIGHTERSTests.swift */; };
/* End PBXBuildFile section */

/* Begin PBXContainerItemProxy section */
		3F6CEFC21B417BB400FC1C2B /* PBXContainerItemProxy */ = {
			isa = PBXContainerItemProxy;
			containerPortal = 3F6CEFA01B417BB400FC1C2B /* Project object */;
			proxyType = 1;
			remoteGlobalIDString = 3F6CEFA71B417BB400FC1C2B;
			remoteInfo = FLAPPY_FIGHTERS;
		};
/* End PBXContainerItemProxy section */

/* Begin PBXFileReference section */
		3F6CEFA81B417BB400FC1C2B /* FLAPPY_FIGHTERS.app */ = {isa = PBXFileReference; explicitFileType = wrapper.application; includeInIndex = 0; path = FLAPPY_FIGHTERS.app; sourceTree = BUILT_PRODUCTS_DIR; };
		3F6CEFAC1B417BB400FC1C2B /* Info.plist */ = {isa = PBXFileReference; lastKnownFileType = text.plist.xml; path = Info.plist; sourceTree = "<group>"; };
		3F6CEFAD1B417BB400FC1C2B /* AppDelegate.swift */ = {isa = PBXFileReference; lastKnownFileType = sourcecode.swift; path = AppDelegate.swift; sourceTree = "<group>"; };
		3F6CEFAF1B417BB400FC1C2B /* GameScene.sks */ = {isa = PBXFileReference; lastKnownFileType = file.sks; path = GameScene.sks; sourceTree = "<group>"; };
		3F6CEFB11B417BB400FC1C2B /* GameScene.swift */ = {isa = PBXFileReference; lastKnownFileType = sourcecode.swift; path = GameScene.swift; sourceTree = "<group>"; };
		3F6CEFB31B417BB400FC1C2B /* GameViewController.swift */ = {isa = PBXFileReference; lastKnownFileType = sourcecode.swift; path = GameViewController.swift; sourceTree = "<group>"; };
		3F6CEFB61B417BB400FC1C2B /* Base */ = {isa = PBXFileReference; lastKnownFileType = file.storyboard; name = Base; path = Base.lproj/Main.storyboard; sourceTree = "<group>"; };
		3F6CEFB81B417BB400FC1C2B /* Images.xcassets */ = {isa = PBXFileReference; lastKnownFileType = folder.assetcatalog; path = Images.xcassets; sourceTree = "<group>"; };
		3F6CEFBB1B417BB400FC1C2B /* Base */ = {isa = PBXFileReference; lastKnownFileType = file.xib; name = Base; path = Base.lproj/LaunchScreen.xib; sourceTree = "<group>"; };
		3F6CEFC11B417BB400FC1C2B /* FLAPPY_FIGHTERSTests.xctest */ = {isa = PBXFileReference; explicitFileType = wrapper.cfbundle; includeInIndex = 0; path = FLAPPY_FIGHTERSTests.xctest; sourceTree = BUILT_PRODUCTS_DIR; };
		3F6CEFC61B417BB400FC1C2B /* Info.plist */ = {isa = PBXFileReference; lastKnownFileType = text.plist.xml; path = Info.plist; sourceTree = "<group>"; };
		3F6CEFC71B417BB400FC1C2B /* FLAPPY_FIGHTERSTests.swift */ = {isa = PBXFileReference; lastKnownFileType = sourcecode.swift; path = FLAPPY_FIGHTERSTests.swift; sourceTree = "<group>"; };
/* End PBXFileReference section */

/* Begin PBXFrameworksBuildPhase section */
		3F6CEFA51B417BB400FC1C2B /* Frameworks */ = {
			isa = PBXFrameworksBuildPhase;
			buildActionMask = 2147483647;
			files = (
			);
			runOnlyForDeploymentPostprocessing = 0;
		};
		3F6CEFBE1B417BB400FC1C2B /* Frameworks */ = {
			isa = PBXFrameworksBuildPhase;
			buildActionMask = 2147483647;
			files = (
			);
			runOnlyForDeploymentPostprocessing = 0;
		};
/* End PBXFrameworksBuildPhase section */

/* Begin PBXGroup section */
		3F6CEF9F1B417BB400FC1C2B = {
			isa = PBXGroup;
			children = (
				3F6CEFAA1B417BB400FC1C2B /* FLAPPY_FIGHTERS */,
				3F6CEFC41B417BB400FC1C2B /* FLAPPY_FIGHTERSTests */,
				3F6CEFA91B417BB400FC1C2B /* Products */,
			);
			sourceTree = "<group>";
		};
		3F6CEFA91B417BB400FC1C2B /* Products */ = {
			isa = PBXGroup;
			children = (
				3F6CEFA81B417BB400FC1C2B /* FLAPPY_FIGHTERS.app */,
				3F6CEFC11B417BB400FC1C2B /* FLAPPY_FIGHTERSTests.xctest */,
			);
			name = Products;
			sourceTree = "<group>";
		};
		3F6CEFAA1B417BB400FC1C2B /* FLAPPY_FIGHTERS */ = {
			isa = PBXGroup;
			children = (
				3F6CEFAD1B417BB400FC1C2B /* AppDelegate.swift */,
				3F6CEFAF1B417BB400FC1C2B /* GameScene.sks */,
				3F6CEFB11B417BB400FC1C2B /* GameScene.swift */,
				3F6CEFB31B417BB400FC1C2B /* GameViewController.swift */,
				3F6CEFB51B417BB400FC1C2B /* Main.storyboard */,
				3F6CEFB81B417BB400FC1C2B /* Images.xcassets */,
				3F6CEFBA1B417BB400FC1C2B /* LaunchScreen.xib */,
				3F6CEFAB1B417BB400FC1C2B /* Supporting Files */,
			);
			path = FLAPPY_FIGHTERS;
			sourceTree = "<group>";
		};
		3F6CEFAB1B417BB400FC1C2B /* Supporting Files */ = {
			isa = PBXGroup;
			children = (
				3F6CEFAC1B417BB400FC1C2B /* Info.plist */,
			);
			name = "Supporting Files";
			sourceTree = "<group>";
		};
		3F6CEFC41B417BB400FC1C2B /* FLAPPY_FIGHTERSTests */ = {
			isa = PBXGroup;
			children = (
				3F6CEFC71B417BB400FC1C2B /* FLAPPY_FIGHTERSTests.swift */,
				3F6CEFC51B417BB400FC1C2B /* Supporting Files */,
			);
			path = FLAPPY_FIGHTERSTests;
			sourceTree = "<group>";
		};
		3F6CEFC51B417BB400FC1C2B /* Supporting Files */ = {
			isa = PBXGroup;
			children = (
				3F6CEFC61B417BB400FC1C2B /* Info.plist */,
			);
			name = "Supporting Files";
			sourceTree = "<group>";
		};
/* End PBXGroup section */

/* Begin PBXNativeTarget section */
		3F6CEFA71B417BB400FC1C2B /* FLAPPY_FIGHTERS */ = {
			isa = PBXNativeTarget;
			buildConfigurationList = 3F6CEFCB1B417BB400FC1C2B /* Build configuration list for PBXNativeTarget "FLAPPY_FIGHTERS" */;
			buildPhases = (
				3F6CEFA41B417BB400FC1C2B /* Sources */,
				3F6CEFA51B417BB400FC1C2B /* Frameworks */,
				3F6CEFA61B417BB400FC1C2B /* Resources */,
			);
			buildRules = (
			);
			dependencies = (
			);
			name = FLAPPY_FIGHTERS;
			productName = FLAPPY_FIGHTERS;
			productReference = 3F6CEFA81B417BB400FC1C2B /* FLAPPY_FIGHTERS.app */;
			productType = "com.apple.product-type.application";
		};
		3F6CEFC01B417BB400FC1C2B /* FLAPPY_FIGHTERSTests */ = {
			isa = PBXNativeTarget;
			buildConfigurationList = 3F6CEFCE1B417BB400FC1C2B /* Build configuration list for PBXNativeTarget "FLAPPY_FIGHTERSTests" */;
			buildPhases = (
				3F6CEFBD1B417BB400FC1C2B /* Sources */,
				3F6CEFBE1B417BB400FC1C2B /* Frameworks */,
				3F6CEFBF1B417BB400FC1C2B /* Resources */,
			);
			buildRules = (
			);
			dependencies = (
				3F6CEFC31B417BB400FC1C2B /* PBXTargetDependency */,
			);
			name = FLAPPY_FIGHTERSTests;
			productName = FLAPPY_FIGHTERSTests;
			productReference = 3F6CEFC11B417BB400FC1C2B /* FLAPPY_FIGHTERSTests.xctest */;
			productType = "com.apple.product-type.bundle.unit-test";
		};
/* End PBXNativeTarget section */

/* Begin PBXProject section */
		3F6CEFA01B417BB400FC1C2B /* Project object */ = {
			isa = PBXProject;
			attributes = {
				LastUpgradeCheck = 0630;
				ORGANIZATIONNAME = "iD Student";
				TargetAttributes = {
					3F6CEFA71B417BB400FC1C2B = {
						CreatedOnToolsVersion = 6.3;
					};
					3F6CEFC01B417BB400FC1C2B = {
						CreatedOnToolsVersion = 6.3;
						TestTargetID = 3F6CEFA71B417BB400FC1C2B;
					};
				};
			};
			buildConfigurationList = 3F6CEFA31B417BB400FC1C2B /* Build configuration list for PBXProject "FLAPPY_FIGHTERS" */;
			compatibilityVersion = "Xcode 3.2";
			developmentRegion = English;
			hasScannedForEncodings = 0;
			knownRegions = (
				en,
				Base,
			);
			mainGroup = 3F6CEF9F1B417BB400FC1C2B;
			productRefGroup = 3F6CEFA91B417BB400FC1C2B /* Products */;
			projectDirPath = "";
			projectRoot = "";
			targets = (
				3F6CEFA71B417BB400FC1C2B /* FLAPPY_FIGHTERS */,
				3F6CEFC01B417BB400FC1C2B /* FLAPPY_FIGHTERSTests */,
			);
		};
/* End PBXProject section */

/* Begin PBXResourcesBuildPhase section */
		3F6CEFA61B417BB400FC1C2B /* Resources */ = {
			isa = PBXResourcesBuildPhase;
			buildActionMask = 2147483647;
			files = (
				3F6CEFBC1B417BB400FC1C2B /* LaunchScreen.xib in Resources */,
				3F6CEFB91B417BB400FC1C2B /* Images.xcassets in Resources */,
				3F6CEFB01B417BB400FC1C2B /* GameScene.sks in Resources */,
				3F6CEFB71B417BB400FC1C2B /* Main.storyboard in Resources */,
			);
			runOnlyForDeploymentPostprocessing = 0;
		};
		3F6CEFBF1B417BB400FC1C2B /* Resources */ = {
			isa = PBXResourcesBuildPhase;
			buildActionMask = 2147483647;
			files = (
			);
			runOnlyForDeploymentPostprocessing = 0;
		};
/* End PBXResourcesBuildPhase section */

/* Begin PBXSourcesBuildPhase section */
		3F6CEFA41B417BB400FC1C2B /* Sources */ = {
			isa = PBXSourcesBuildPhase;
			buildActionMask = 2147483647;
			files = (
				3F6CEFB21B417BB400FC1C2B /* GameScene.swift in Sources */,
				3F6CEFB41B417BB400FC1C2B /* GameViewController.swift in Sources */,
				3F6CEFAE1B417BB400FC1C2B /* AppDelegate.swift in Sources */,
			);
			runOnlyForDeploymentPostprocessing = 0;
		};
		3F6CEFBD1B417BB400FC1C2B /* Sources */ = {
			isa = PBXSourcesBuildPhase;
			buildActionMask = 2147483647;
			files = (
				3F6CEFC81B417BB400FC1C2B /* FLAPPY_FIGHTERSTests.swift in Sources */,
			);
			runOnlyForDeploymentPostprocessing = 0;
		};
/* End PBXSourcesBuildPhase section */

/* Begin PBXTargetDependency section */
		3F6CEFC31B417BB400FC1C2B /* PBXTargetDependency */ = {
			isa = PBXTargetDependency;
			target = 3F6CEFA71B417BB400FC1C2B /* FLAPPY_FIGHTERS */;
			targetProxy = 3F6CEFC21B417BB400FC1C2B /* PBXContainerItemProxy */;
		};
/* End PBXTargetDependency section */

/* Begin PBXVariantGroup section */
		3F6CEFB51B417BB400FC1C2B /* Main.storyboard */ = {
			isa = PBXVariantGroup;
			children = (
				3F6CEFB61B417BB400FC1C2B /* Base */,
			);
			name = Main.storyboard;
			sourceTree = "<group>";
		};
		3F6CEFBA1B417BB400FC1C2B /* LaunchScreen.xib */ = {
			isa = PBXVariantGroup;
			children = (
				3F6CEFBB1B417BB400FC1C2B /* Base */,
			);
			name = LaunchScreen.xib;
			sourceTree = "<group>";
		};
/* End PBXVariantGroup section */

/* Begin XCBuildConfiguration section */
		3F6CEFC91B417BB400FC1C2B /* Debug */ = {
			isa = XCBuildConfiguration;
			buildSettings = {
				ALWAYS_SEARCH_USER_PATHS = NO;
				CLANG_CXX_LANGUAGE_STANDARD = "gnu++0x";
				CLANG_CXX_LIBRARY = "libc++";
				CLANG_ENABLE_MODULES = YES;
				CLANG_ENABLE_OBJC_ARC = YES;
				CLANG_WARN_BOOL_CONVERSION = YES;
				CLANG_WARN_CONSTANT_CONVERSION = YES;
				CLANG_WARN_DIRECT_OBJC_ISA_USAGE = YES_ERROR;
				CLANG_WARN_EMPTY_BODY = YES;
				CLANG_WARN_ENUM_CONVERSION = YES;
				CLANG_WARN_INT_CONVERSION = YES;
				CLANG_WARN_OBJC_ROOT_CLASS = YES_ERROR;
				CLANG_WARN_UNREACHABLE_CODE = YES;
				CLANG_WARN__DUPLICATE_METHOD_MATCH = YES;
				"CODE_SIGN_IDENTITY[sdk=iphoneos*]" = "iPhone Developer";
				COPY_PHASE_STRIP = NO;
				DEBUG_INFORMATION_FORMAT = "dwarf-with-dsym";
				ENABLE_STRICT_OBJC_MSGSEND = YES;
				GCC_C_LANGUAGE_STANDARD = gnu99;
				GCC_DYNAMIC_NO_PIC = NO;
				GCC_NO_COMMON_BLOCKS = YES;
				GCC_OPTIMIZATION_LEVEL = 0;
				GCC_PREPROCESSOR_DEFINITIONS = (
					"DEBUG=1",
					"$(inherited)",
				);
				GCC_SYMBOLS_PRIVATE_EXTERN = NO;
				GCC_WARN_64_TO_32_BIT_CONVERSION = YES;
				GCC_WARN_ABOUT_RETURN_TYPE = YES_ERROR;
				GCC_WARN_UNDECLARED_SELECTOR = YES;
				GCC_WARN_UNINITIALIZED_AUTOS = YES_AGGRESSIVE;
				GCC_WARN_UNUSED_FUNCTION = YES;
				GCC_WARN_UNUSED_VARIABLE = YES;
				IPHONEOS_DEPLOYMENT_TARGET = 8.3;
				MTL_ENABLE_DEBUG_INFO = YES;
				ONLY_ACTIVE_ARCH = YES;
				SDKROOT = iphoneos;
				SWIFT_OPTIMIZATION_LEVEL = "-Onone";
			};
			name = Debug;
		};
		3F6CEFCA1B417BB400FC1C2B /* Release */ = {
			isa = XCBuildConfiguration;
			buildSettings = {
				ALWAYS_SEARCH_USER_PATHS = NO;
				CLANG_CXX_LANGUAGE_STANDARD = "gnu++0x";
				CLANG_CXX_LIBRARY = "libc++";
				CLANG_ENABLE_MODULES = YES;
				CLANG_ENABLE_OBJC_ARC = YES;
				CLANG_WARN_BOOL_CONVERSION = YES;
				CLANG_WARN_CONSTANT_CONVERSION = YES;
				CLANG_WARN_DIRECT_OBJC_ISA_USAGE = YES_ERROR;
				CLANG_WARN_EMPTY_BODY = YES;
				CLANG_WARN_ENUM_CONVERSION = YES;
				CLANG_WARN_INT_CONVERSION = YES;
				CLANG_WARN_OBJC_ROOT_CLASS = YES_ERROR;
				CLANG_WARN_UNREACHABLE_CODE = YES;
				CLANG_WARN__DUPLICATE_METHOD_MATCH = YES;
				"CODE_SIGN_IDENTITY[sdk=iphoneos*]" = "iPhone Developer";
				COPY_PHASE_STRIP = NO;
				DEBUG_INFORMATION_FORMAT = "dwarf-with-dsym";
				ENABLE_NS_ASSERTIONS = NO;
				ENABLE_STRICT_OBJC_MSGSEND = YES;
				GCC_C_LANGUAGE_STANDARD = gnu99;
				GCC_NO_COMMON_BLOCKS = YES;
				GCC_WARN_64_TO_32_BIT_CONVERSION = YES;
				GCC_WARN_ABOUT_RETURN_TYPE = YES_ERROR;
				GCC_WARN_UNDECLARED_SELECTOR = YES;
				GCC_WARN_UNINITIALIZED_AUTOS = YES_AGGRESSIVE;
				GCC_WARN_UNUSED_FUNCTION = YES;
				GCC_WARN_UNUSED_VARIABLE = YES;
				IPHONEOS_DEPLOYMENT_TARGET = 8.3;
				MTL_ENABLE_DEBUG_INFO = NO;
				SDKROOT = iphoneos;
				VALIDATE_PRODUCT = YES;
			};
			name = Release;
		};
		3F6CEFCC1B417BB400FC1C2B /* Debug */ = {
			isa = XCBuildConfiguration;
			buildSettings = {
				ASSETCATALOG_COMPILER_APPICON_NAME = AppIcon;
				INFOPLIST_FILE = FLAPPY_FIGHTERS/Info.plist;
				LD_RUNPATH_SEARCH_PATHS = "$(inherited) @executable_path/Frameworks";
				PRODUCT_NAME = "$(TARGET_NAME)";
			};
			name = Debug;
		};
		3F6CEFCD1B417BB400FC1C2B /* Release */ = {
			isa = XCBuildConfiguration;
			buildSettings = {
				ASSETCATALOG_COMPILER_APPICON_NAME = AppIcon;
				INFOPLIST_FILE = FLAPPY_FIGHTERS/Info.plist;
				LD_RUNPATH_SEARCH_PATHS = "$(inherited) @executable_path/Frameworks";
				PRODUCT_NAME = "$(TARGET_NAME)";
			};
			name = Release;
		};
		3F6CEFCF1B417BB400FC1C2B /* Debug */ = {
			isa = XCBuildConfiguration;
			buildSettings = {
				BUNDLE_LOADER = "$(TEST_HOST)";
				FRAMEWORK_SEARCH_PATHS = (
					"$(SDKROOT)/Developer/Library/Frameworks",
					"$(inherited)",
				);
				GCC_PREPROCESSOR_DEFINITIONS = (
					"DEBUG=1",
					"$(inherited)",
				);
				INFOPLIST_FILE = FLAPPY_FIGHTERSTests/Info.plist;
				LD_RUNPATH_SEARCH_PATHS = "$(inherited) @executable_path/Frameworks @loader_path/Frameworks";
				PRODUCT_NAME = "$(TARGET_NAME)";
				TEST_HOST = "$(BUILT_PRODUCTS_DIR)/FLAPPY_FIGHTERS.app/FLAPPY_FIGHTERS";
			};
			name = Debug;
		};
		3F6CEFD01B417BB400FC1C2B /* Release */ = {
			isa = XCBuildConfiguration;
			buildSettings = {
				BUNDLE_LOADER = "$(TEST_HOST)";
				FRAMEWORK_SEARCH_PATHS = (
					"$(SDKROOT)/Developer/Library/Frameworks",
					"$(inherited)",
				);
				INFOPLIST_FILE = FLAPPY_FIGHTERSTests/Info.plist;
				LD_RUNPATH_SEARCH_PATHS = "$(inherited) @executable_path/Frameworks @loader_path/Frameworks";
				PRODUCT_NAME = "$(TARGET_NAME)";
				TEST_HOST = "$(BUILT_PRODUCTS_DIR)/FLAPPY_FIGHTERS.app/FLAPPY_FIGHTERS";
			};
			name = Release;
		};
/* End XCBuildConfiguration section */

/* Begin XCConfigurationList section */
		3F6CEFA31B417BB400FC1C2B /* Build configuration list for PBXProject "FLAPPY_FIGHTERS" */ = {
			isa = XCConfigurationList;
			buildConfigurations = (
				3F6CEFC91B417BB400FC1C2B /* Debug */,
				3F6CEFCA1B417BB400FC1C2B /* Release */,
			);
			defaultConfigurationIsVisible = 0;
			defaultConfigurationName = Release;
		};
		3F6CEFCB1B417BB400FC1C2B /* Build configuration list for PBXNativeTarget "FLAPPY_FIGHTERS" */ = {
			isa = XCConfigurationList;
			buildConfigurations = (
				3F6CEFCC1B417BB400FC1C2B /* Debug */,
				3F6CEFCD1B417BB400FC1C2B /* Release */,
			);
			defaultConfigurationIsVisible = 0;
		};
		3F6CEFCE1B417BB400FC1C2B /* Build configuration list for PBXNativeTarget "FLAPPY_FIGHTERSTests" */ = {
			isa = XCConfigurationList;
			buildConfigurations = (
				3F6CEFCF1B417BB400FC1C2B /* Debug */,
				3F6CEFD01B417BB400FC1C2B /* Release */,
			);
			defaultConfigurationIsVisible = 0;
		};
/* End XCConfigurationList section */
	};
	rootObject = 3F6CEFA01B417BB400FC1C2B /* Project object */;
}
